
Microsoft Visual Studio Solution File, Format Version 12.00
# Visual Studio Version 16
VisualStudioVersion = 16.0.29306.81
MinimumVisualStudioVersion = 10.0.40219.1
Project("{FAE04EC0-301F-11D3-BF4B-00C04F79EFBC}") = "Beispiel", "Beispiel\Beispiel.csproj", "{619C893C-3494-4437-BEA4-21F75A69128A}"
EndProject
Global
	GlobalSection(SolutionConfigurationPlatforms) = preSolution
		Debug|Any CPU = Debug|Any CPU
		Release|Any CPU = Release|Any CPU
	EndGlobalSection
	GlobalSection(ProjectConfigurationPlatforms) = postSolution
		{619C893C-3494-4437-BEA4-21F75A69128A}.Debug|Any CPU.ActiveCfg = Debug|Any CPU
		{619C893C-3494-4437-BEA4-21F75A69128A}.Debug|Any CPU.Build.0 = Debug|Any CPU
		{619C893C-3494-4437-BEA4-21F75A69128A}.Release|Any CPU.ActiveCfg = Release|Any CPU
		{619C893C-3494-4437-BEA4-21F75A69128A}.Release|Any CPU.Build.0 = Release|Any CPU
	EndGlobalSection
	GlobalSection(SolutionProperties) = preSolution
		HideSolutionNode = FALSE
	EndGlobalSection
	GlobalSection(ExtensibilityGlobals) = postSolution
		SolutionGuid = {2295462E-344D-4224-B690-EBE7FA25CEAD}
	EndGlobalSection
EndGlobal
