
Microsoft Visual Studio Solution File, Format Version 12.00
# Visual Studio Version 16
VisualStudioVersion = 16.0.28803.352
MinimumVisualStudioVersion = 10.0.40219.1
Project("{FAE04EC0-301F-11D3-BF4B-00C04F79EFBC}") = "Zylinder1", "Zylinder1\Zylinder1.csproj", "{210CF28E-EDB2-4166-BD0A-CB09714ABF68}"
EndProject
Global
	GlobalSection(SolutionConfigurationPlatforms) = preSolution
		Debug|Any CPU = Debug|Any CPU
		Release|Any CPU = Release|Any CPU
	EndGlobalSection
	GlobalSection(ProjectConfigurationPlatforms) = postSolution
		{210CF28E-EDB2-4166-BD0A-CB09714ABF68}.Debug|Any CPU.ActiveCfg = Debug|Any CPU
		{210CF28E-EDB2-4166-BD0A-CB09714ABF68}.Debug|Any CPU.Build.0 = Debug|Any CPU
		{210CF28E-EDB2-4166-BD0A-CB09714ABF68}.Release|Any CPU.ActiveCfg = Release|Any CPU
		{210CF28E-EDB2-4166-BD0A-CB09714ABF68}.Release|Any CPU.Build.0 = Release|Any CPU
	EndGlobalSection
	GlobalSection(SolutionProperties) = preSolution
		HideSolutionNode = FALSE
	EndGlobalSection
	GlobalSection(ExtensibilityGlobals) = postSolution
		SolutionGuid = {3754DCE9-3940-4333-B699-8910EF4E29BB}
	EndGlobalSection
EndGlobal
