
Microsoft Visual Studio Solution File, Format Version 12.00
# Visual Studio Version 16
VisualStudioVersion = 16.0.29411.108
MinimumVisualStudioVersion = 10.0.40219.1
Project("{FAE04EC0-301F-11D3-BF4B-00C04F79EFBC}") = "Fläche Kreis 2", "Fläche Kreis 2\Fläche Kreis 2.csproj", "{A9B80879-2846-4DE4-BF70-2FCE51224955}"
EndProject
Global
	GlobalSection(SolutionConfigurationPlatforms) = preSolution
		Debug|Any CPU = Debug|Any CPU
		Release|Any CPU = Release|Any CPU
	EndGlobalSection
	GlobalSection(ProjectConfigurationPlatforms) = postSolution
		{A9B80879-2846-4DE4-BF70-2FCE51224955}.Debug|Any CPU.ActiveCfg = Debug|Any CPU
		{A9B80879-2846-4DE4-BF70-2FCE51224955}.Debug|Any CPU.Build.0 = Debug|Any CPU
		{A9B80879-2846-4DE4-BF70-2FCE51224955}.Release|Any CPU.ActiveCfg = Release|Any CPU
		{A9B80879-2846-4DE4-BF70-2FCE51224955}.Release|Any CPU.Build.0 = Release|Any CPU
	EndGlobalSection
	GlobalSection(SolutionProperties) = preSolution
		HideSolutionNode = FALSE
	EndGlobalSection
	GlobalSection(ExtensibilityGlobals) = postSolution
		SolutionGuid = {F74DF6B6-0544-4E8A-BF0C-FBA7176AF36A}
	EndGlobalSection
EndGlobal
