
Microsoft Visual Studio Solution File, Format Version 12.00
# Visual Studio Version 16
VisualStudioVersion = 16.0.28803.352
MinimumVisualStudioVersion = 10.0.40219.1
Project("{FAE04EC0-301F-11D3-BF4B-00C04F79EFBC}") = "Flächentägheitsmoment für Rechteck", "Flächentägheitsmoment für Rechteck\Flächentägheitsmoment für Rechteck.csproj", "{633312F1-DD7C-47B3-98B8-B7335EE3473D}"
EndProject
Global
	GlobalSection(SolutionConfigurationPlatforms) = preSolution
		Debug|Any CPU = Debug|Any CPU
		Release|Any CPU = Release|Any CPU
	EndGlobalSection
	GlobalSection(ProjectConfigurationPlatforms) = postSolution
		{633312F1-DD7C-47B3-98B8-B7335EE3473D}.Debug|Any CPU.ActiveCfg = Debug|Any CPU
		{633312F1-DD7C-47B3-98B8-B7335EE3473D}.Debug|Any CPU.Build.0 = Debug|Any CPU
		{633312F1-DD7C-47B3-98B8-B7335EE3473D}.Release|Any CPU.ActiveCfg = Release|Any CPU
		{633312F1-DD7C-47B3-98B8-B7335EE3473D}.Release|Any CPU.Build.0 = Release|Any CPU
	EndGlobalSection
	GlobalSection(SolutionProperties) = preSolution
		HideSolutionNode = FALSE
	EndGlobalSection
	GlobalSection(ExtensibilityGlobals) = postSolution
		SolutionGuid = {999FEE04-FF3E-4C49-9A88-5E40BC84BB59}
	EndGlobalSection
EndGlobal
